// !$*UTF8*$!
{
	archiveVersion = 1;
	classes = {
	};
	objectVersion = 52;
	objects = {

/* Begin PBXBuildFile section */
		BBC85A4825D113AA00F87653 /* AppDelegate.swift in Sources */ = {isa = PBXBuildFile; fileRef = BBC85A4725D113AA00F87653 /* AppDelegate.swift */; };
		BBC85A4A25D113AA00F87653 /* SceneDelegate.swift in Sources */ = {isa = PBXBuildFile; fileRef = BBC85A4925D113AA00F87653 /* SceneDelegate.swift */; };
		BBC85A4C25D113AA00F87653 /* MainViewController.swift in Sources */ = {isa = PBXBuildFile; fileRef = BBC85A4B25D113AA00F87653 /* MainViewController.swift */; };
		BBC85A4F25D113AA00F87653 /* Main.storyboard in Resources */ = {isa = PBXBuildFile; fileRef = BBC85A4D25D113AA00F87653 /* Main.storyboard */; };
		BBC85A5125D113AB00F87653 /* Assets.xcassets in Resources */ = {isa = PBXBuildFile; fileRef = BBC85A5025D113AB00F87653 /* Assets.xcassets */; };
		BBC85A5425D113AB00F87653 /* LaunchScreen.storyboard in Resources */ = {isa = PBXBuildFile; fileRef = BBC85A5225D113AB00F87653 /* LaunchScreen.storyboard */; };
		BBC85A5F25D113AB00F87653 /* MVCTests.swift in Sources */ = {isa = PBXBuildFile; fileRef = BBC85A5E25D113AB00F87653 /* MVCTests.swift */; };
		BBC85A6A25D113AB00F87653 /* MVCUITests.swift in Sources */ = {isa = PBXBuildFile; fileRef = BBC85A6925D113AB00F87653 /* MVCUITests.swift */; };
		BBC85A7E25D11F9900F87653 /* Configs.swift in Sources */ = {isa = PBXBuildFile; fileRef = BBC85A7D25D11F9900F87653 /* Configs.swift */; };
		BBC85A8325D121D600F87653 /* API.swift in Sources */ = {isa = PBXBuildFile; fileRef = BBC85A8225D121D600F87653 /* API.swift */; };
		BBC85A8925D1221B00F87653 /* Alamofire in Frameworks */ = {isa = PBXBuildFile; productRef = BBC85A8825D1221B00F87653 /* Alamofire */; };
		BBC85A8F25D1226500F87653 /* RxCocoa in Frameworks */ = {isa = PBXBuildFile; productRef = BBC85A8E25D1226500F87653 /* RxCocoa */; };
		BBC85A9125D1226500F87653 /* RxSwift in Frameworks */ = {isa = PBXBuildFile; productRef = BBC85A9025D1226500F87653 /* RxSwift */; };
		BBC85A9325D1226500F87653 /* RxRelay in Frameworks */ = {isa = PBXBuildFile; productRef = BBC85A9225D1226500F87653 /* RxRelay */; };
		BBC85A9825D122AA00F87653 /* Token.swift in Sources */ = {isa = PBXBuildFile; fileRef = BBC85A9725D122AA00F87653 /* Token.swift */; };
		BBC85AA325D17E9A00F87653 /* Event.swift in Sources */ = {isa = PBXBuildFile; fileRef = BBC85AA225D17E9A00F87653 /* Event.swift */; };
		BBC85AA825D17EC300F87653 /* User.swift in Sources */ = {isa = PBXBuildFile; fileRef = BBC85AA725D17EC300F87653 /* User.swift */; };
		BBC85AAD25D17EF800F87653 /* Repository.swift in Sources */ = {isa = PBXBuildFile; fileRef = BBC85AAC25D17EF800F87653 /* Repository.swift */; };
		BBC85ABD25D1809500F87653 /* Login.storyboard in Resources */ = {isa = PBXBuildFile; fileRef = BBC85ABC25D1809500F87653 /* Login.storyboard */; };
		BBC85AC225D180B400F87653 /* LoginViewController.swift in Sources */ = {isa = PBXBuildFile; fileRef = BBC85AC125D180B400F87653 /* LoginViewController.swift */; };
		BBC85ACF25D1842100F87653 /* Detail.storyboard in Resources */ = {isa = PBXBuildFile; fileRef = BBC85ACE25D1842100F87653 /* Detail.storyboard */; };
		BBC85AD425D1842E00F87653 /* DetailViewController.swift in Sources */ = {isa = PBXBuildFile; fileRef = BBC85AD325D1842E00F87653 /* DetailViewController.swift */; };
		BBC85AE125D186B700F87653 /* URL+Extensions.swift in Sources */ = {isa = PBXBuildFile; fileRef = BBC85AE025D186B700F87653 /* URL+Extensions.swift */; };
/* End PBXBuildFile section */

/* Begin PBXContainerItemProxy section */
		BBC85A5B25D113AB00F87653 /* PBXContainerItemProxy */ = {
			isa = PBXContainerItemProxy;
			containerPortal = BBC85A3C25D113AA00F87653 /* Project object */;
			proxyType = 1;
			remoteGlobalIDString = BBC85A4325D113AA00F87653;
			remoteInfo = MVC;
		};
		BBC85A6625D113AB00F87653 /* PBXContainerItemProxy */ = {
			isa = PBXContainerItemProxy;
			containerPortal = BBC85A3C25D113AA00F87653 /* Project object */;
			proxyType = 1;
			remoteGlobalIDString = BBC85A4325D113AA00F87653;
			remoteInfo = MVC;
		};
/* End PBXContainerItemProxy section */

/* Begin PBXFileReference section */
		BBC85A4425D113AA00F87653 /* MVC.app */ = {isa = PBXFileReference; explicitFileType = wrapper.application; includeInIndex = 0; path = MVC.app; sourceTree = BUILT_PRODUCTS_DIR; };
		BBC85A4725D113AA00F87653 /* AppDelegate.swift */ = {isa = PBXFileReference; lastKnownFileType = sourcecode.swift; path = AppDelegate.swift; sourceTree = "<group>"; };
		BBC85A4925D113AA00F87653 /* SceneDelegate.swift */ = {isa = PBXFileReference; lastKnownFileType = sourcecode.swift; path = SceneDelegate.swift; sourceTree = "<group>"; };
		BBC85A4B25D113AA00F87653 /* MainViewController.swift */ = {isa = PBXFileReference; lastKnownFileType = sourcecode.swift; path = MainViewController.swift; sourceTree = "<group>"; };
		BBC85A4E25D113AA00F87653 /* Base */ = {isa = PBXFileReference; lastKnownFileType = file.storyboard; name = Base; path = Base.lproj/Main.storyboard; sourceTree = "<group>"; };
		BBC85A5025D113AB00F87653 /* Assets.xcassets */ = {isa = PBXFileReference; lastKnownFileType = folder.assetcatalog; path = Assets.xcassets; sourceTree = "<group>"; };
		BBC85A5325D113AB00F87653 /* Base */ = {isa = PBXFileReference; lastKnownFileType = file.storyboard; name = Base; path = Base.lproj/LaunchScreen.storyboard; sourceTree = "<group>"; };
		BBC85A5525D113AB00F87653 /* Info.plist */ = {isa = PBXFileReference; lastKnownFileType = text.plist.xml; path = Info.plist; sourceTree = "<group>"; };
		BBC85A5A25D113AB00F87653 /* MVCTests.xctest */ = {isa = PBXFileReference; explicitFileType = wrapper.cfbundle; includeInIndex = 0; path = MVCTests.xctest; sourceTree = BUILT_PRODUCTS_DIR; };
		BBC85A5E25D113AB00F87653 /* MVCTests.swift */ = {isa = PBXFileReference; lastKnownFileType = sourcecode.swift; path = MVCTests.swift; sourceTree = "<group>"; };
		BBC85A6025D113AB00F87653 /* Info.plist */ = {isa = PBXFileReference; lastKnownFileType = text.plist.xml; path = Info.plist; sourceTree = "<group>"; };
		BBC85A6525D113AB00F87653 /* MVCUITests.xctest */ = {isa = PBXFileReference; explicitFileType = wrapper.cfbundle; includeInIndex = 0; path = MVCUITests.xctest; sourceTree = BUILT_PRODUCTS_DIR; };
		BBC85A6925D113AB00F87653 /* MVCUITests.swift */ = {isa = PBXFileReference; lastKnownFileType = sourcecode.swift; path = MVCUITests.swift; sourceTree = "<group>"; };
		BBC85A6B25D113AB00F87653 /* Info.plist */ = {isa = PBXFileReference; lastKnownFileType = text.plist.xml; path = Info.plist; sourceTree = "<group>"; };
		BBC85A7D25D11F9900F87653 /* Configs.swift */ = {isa = PBXFileReference; lastKnownFileType = sourcecode.swift; path = Configs.swift; sourceTree = "<group>"; };
		BBC85A8225D121D600F87653 /* API.swift */ = {isa = PBXFileReference; lastKnownFileType = sourcecode.swift; path = API.swift; sourceTree = "<group>"; };
		BBC85A9725D122AA00F87653 /* Token.swift */ = {isa = PBXFileReference; lastKnownFileType = sourcecode.swift; path = Token.swift; sourceTree = "<group>"; };
		BBC85AA225D17E9A00F87653 /* Event.swift */ = {isa = PBXFileReference; lastKnownFileType = sourcecode.swift; path = Event.swift; sourceTree = "<group>"; };
		BBC85AA725D17EC300F87653 /* User.swift */ = {isa = PBXFileReference; lastKnownFileType = sourcecode.swift; path = User.swift; sourceTree = "<group>"; };
		BBC85AAC25D17EF800F87653 /* Repository.swift */ = {isa = PBXFileReference; lastKnownFileType = sourcecode.swift; path = Repository.swift; sourceTree = "<group>"; };
		BBC85ABC25D1809500F87653 /* Login.storyboard */ = {isa = PBXFileReference; lastKnownFileType = file.storyboard; path = Login.storyboard; sourceTree = "<group>"; };
		BBC85AC125D180B400F87653 /* LoginViewController.swift */ = {isa = PBXFileReference; lastKnownFileType = sourcecode.swift; path = LoginViewController.swift; sourceTree = "<group>"; };
		BBC85ACE25D1842100F87653 /* Detail.storyboard */ = {isa = PBXFileReference; lastKnownFileType = file.storyboard; path = Detail.storyboard; sourceTree = "<group>"; };
		BBC85AD325D1842E00F87653 /* DetailViewController.swift */ = {isa = PBXFileReference; lastKnownFileType = sourcecode.swift; path = DetailViewController.swift; sourceTree = "<group>"; };
		BBC85AE025D186B700F87653 /* URL+Extensions.swift */ = {isa = PBXFileReference; lastKnownFileType = sourcecode.swift; path = "URL+Extensions.swift"; sourceTree = "<group>"; };
/* End PBXFileReference section */

/* Begin PBXFrameworksBuildPhase section */
		BBC85A4125D113AA00F87653 /* Frameworks */ = {
			isa = PBXFrameworksBuildPhase;
			buildActionMask = 2147483647;
			files = (
				BBC85A9125D1226500F87653 /* RxSwift in Frameworks */,
				BBC85A8F25D1226500F87653 /* RxCocoa in Frameworks */,
				BBC85A9325D1226500F87653 /* RxRelay in Frameworks */,
				BBC85A8925D1221B00F87653 /* Alamofire in Frameworks */,
			);
			runOnlyForDeploymentPostprocessing = 0;
		};
		BBC85A5725D113AB00F87653 /* Frameworks */ = {
			isa = PBXFrameworksBuildPhase;
			buildActionMask = 2147483647;
			files = (
			);
			runOnlyForDeploymentPostprocessing = 0;
		};
		BBC85A6225D113AB00F87653 /* Frameworks */ = {
			isa = PBXFrameworksBuildPhase;
			buildActionMask = 2147483647;
			files = (
			);
			runOnlyForDeploymentPostprocessing = 0;
		};
/* End PBXFrameworksBuildPhase section */

/* Begin PBXGroup section */
		BBC85A3B25D113AA00F87653 = {
			isa = PBXGroup;
			children = (
				BBC85A4625D113AA00F87653 /* MVC */,
				BBC85A5D25D113AB00F87653 /* MVCTests */,
				BBC85A6825D113AB00F87653 /* MVCUITests */,
				BBC85A4525D113AA00F87653 /* Products */,
			);
			sourceTree = "<group>";
		};
		BBC85A4525D113AA00F87653 /* Products */ = {
			isa = PBXGroup;
			children = (
				BBC85A4425D113AA00F87653 /* MVC.app */,
				BBC85A5A25D113AB00F87653 /* MVCTests.xctest */,
				BBC85A6525D113AB00F87653 /* MVCUITests.xctest */,
			);
			name = Products;
			sourceTree = "<group>";
		};
		BBC85A4625D113AA00F87653 /* MVC */ = {
			isa = PBXGroup;
			children = (
				BBC85ADE25D1869D00F87653 /* Common */,
				BBC85AB325D17F5200F87653 /* Application */,
				BBC85AB125D17F1200F87653 /* Models */,
				BBC85AB725D1803D00F87653 /* ViewControllers */,
				BBC85AB225D17F3A00F87653 /* API */,
				BBC85A5025D113AB00F87653 /* Assets.xcassets */,
				BBC85A5225D113AB00F87653 /* LaunchScreen.storyboard */,
				BBC85A5525D113AB00F87653 /* Info.plist */,
				BBC85A7D25D11F9900F87653 /* Configs.swift */,
			);
			path = MVC;
			sourceTree = "<group>";
		};
		BBC85A5D25D113AB00F87653 /* MVCTests */ = {
			isa = PBXGroup;
			children = (
				BBC85A5E25D113AB00F87653 /* MVCTests.swift */,
				BBC85A6025D113AB00F87653 /* Info.plist */,
			);
			path = MVCTests;
			sourceTree = "<group>";
		};
		BBC85A6825D113AB00F87653 /* MVCUITests */ = {
			isa = PBXGroup;
			children = (
				BBC85A6925D113AB00F87653 /* MVCUITests.swift */,
				BBC85A6B25D113AB00F87653 /* Info.plist */,
			);
			path = MVCUITests;
			sourceTree = "<group>";
		};
		BBC85AB125D17F1200F87653 /* Models */ = {
			isa = PBXGroup;
			children = (
				BBC85A9725D122AA00F87653 /* Token.swift */,
				BBC85AA225D17E9A00F87653 /* Event.swift */,
				BBC85AA725D17EC300F87653 /* User.swift */,
				BBC85AAC25D17EF800F87653 /* Repository.swift */,
			);
			path = Models;
			sourceTree = "<group>";
		};
		BBC85AB225D17F3A00F87653 /* API */ = {
			isa = PBXGroup;
			children = (
				BBC85A8225D121D600F87653 /* API.swift */,
			);
			path = API;
			sourceTree = "<group>";
		};
		BBC85AB325D17F5200F87653 /* Application */ = {
			isa = PBXGroup;
			children = (
				BBC85A4725D113AA00F87653 /* AppDelegate.swift */,
				BBC85A4925D113AA00F87653 /* SceneDelegate.swift */,
			);
			path = Application;
			sourceTree = "<group>";
		};
		BBC85AB725D1803D00F87653 /* ViewControllers */ = {
			isa = PBXGroup;
			children = (
				BBC85ACD25D1841500F87653 /* Detail */,
				BBC85AC625D180C600F87653 /* Main */,
				BBC85ABB25D1808200F87653 /* Login */,
			);
			path = ViewControllers;
			sourceTree = "<group>";
		};
		BBC85ABB25D1808200F87653 /* Login */ = {
			isa = PBXGroup;
			children = (
				BBC85ABC25D1809500F87653 /* Login.storyboard */,
				BBC85AC125D180B400F87653 /* LoginViewController.swift */,
			);
			path = Login;
			sourceTree = "<group>";
		};
		BBC85AC625D180C600F87653 /* Main */ = {
			isa = PBXGroup;
			children = (
				BBC85A4D25D113AA00F87653 /* Main.storyboard */,
				BBC85A4B25D113AA00F87653 /* MainViewController.swift */,
			);
			path = Main;
			sourceTree = "<group>";
		};
		BBC85ACD25D1841500F87653 /* Detail */ = {
			isa = PBXGroup;
			children = (
				BBC85ACE25D1842100F87653 /* Detail.storyboard */,
				BBC85AD325D1842E00F87653 /* DetailViewController.swift */,
			);
			path = Detail;
			sourceTree = "<group>";
		};
		BBC85ADE25D1869D00F87653 /* Common */ = {
			isa = PBXGroup;
			children = (
				BBC85ADF25D186A800F87653 /* Extensions */,
			);
			path = Common;
			sourceTree = "<group>";
		};
		BBC85ADF25D186A800F87653 /* Extensions */ = {
			isa = PBXGroup;
			children = (
				BBC85AE025D186B700F87653 /* URL+Extensions.swift */,
			);
			path = Extensions;
			sourceTree = "<group>";
		};
/* End PBXGroup section */

/* Begin PBXNativeTarget section */
		BBC85A4325D113AA00F87653 /* MVC */ = {
			isa = PBXNativeTarget;
			buildConfigurationList = BBC85A6E25D113AB00F87653 /* Build configuration list for PBXNativeTarget "MVC" */;
			buildPhases = (
				BBC85A4025D113AA00F87653 /* Sources */,
				BBC85A4125D113AA00F87653 /* Frameworks */,
				BBC85A4225D113AA00F87653 /* Resources */,
			);
			buildRules = (
			);
			dependencies = (
			);
			name = MVC;
			packageProductDependencies = (
				BBC85A8825D1221B00F87653 /* Alamofire */,
				BBC85A8E25D1226500F87653 /* RxCocoa */,
				BBC85A9025D1226500F87653 /* RxSwift */,
				BBC85A9225D1226500F87653 /* RxRelay */,
			);
			productName = MVC;
			productReference = BBC85A4425D113AA00F87653 /* MVC.app */;
			productType = "com.apple.product-type.application";
		};
		BBC85A5925D113AB00F87653 /* MVCTests */ = {
			isa = PBXNativeTarget;
			buildConfigurationList = BBC85A7125D113AB00F87653 /* Build configuration list for PBXNativeTarget "MVCTests" */;
			buildPhases = (
				BBC85A5625D113AB00F87653 /* Sources */,
				BBC85A5725D113AB00F87653 /* Frameworks */,
				BBC85A5825D113AB00F87653 /* Resources */,
			);
			buildRules = (
			);
			dependencies = (
				BBC85A5C25D113AB00F87653 /* PBXTargetDependency */,
			);
			name = MVCTests;
			productName = MVCTests;
			productReference = BBC85A5A25D113AB00F87653 /* MVCTests.xctest */;
			productType = "com.apple.product-type.bundle.unit-test";
		};
		BBC85A6425D113AB00F87653 /* MVCUITests */ = {
			isa = PBXNativeTarget;
			buildConfigurationList = BBC85A7425D113AB00F87653 /* Build configuration list for PBXNativeTarget "MVCUITests" */;
			buildPhases = (
				BBC85A6125D113AB00F87653 /* Sources */,
				BBC85A6225D113AB00F87653 /* Frameworks */,
				BBC85A6325D113AB00F87653 /* Resources */,
			);
			buildRules = (
			);
			dependencies = (
				BBC85A6725D113AB00F87653 /* PBXTargetDependency */,
			);
			name = MVCUITests;
			productName = MVCUITests;
			productReference = BBC85A6525D113AB00F87653 /* MVCUITests.xctest */;
			productType = "com.apple.product-type.bundle.ui-testing";
		};
/* End PBXNativeTarget section */

/* Begin PBXProject section */
		BBC85A3C25D113AA00F87653 /* Project object */ = {
			isa = PBXProject;
			attributes = {
				LastSwiftUpdateCheck = 1240;
				LastUpgradeCheck = 1240;
				TargetAttributes = {
					BBC85A4325D113AA00F87653 = {
						CreatedOnToolsVersion = 12.4;
					};
					BBC85A5925D113AB00F87653 = {
						CreatedOnToolsVersion = 12.4;
						TestTargetID = BBC85A4325D113AA00F87653;
					};
					BBC85A6425D113AB00F87653 = {
						CreatedOnToolsVersion = 12.4;
						TestTargetID = BBC85A4325D113AA00F87653;
					};
				};
			};
			buildConfigurationList = BBC85A3F25D113AA00F87653 /* Build configuration list for PBXProject "MVC" */;
			compatibilityVersion = "Xcode 9.3";
			developmentRegion = en;
			hasScannedForEncodings = 0;
			knownRegions = (
				en,
				Base,
			);
			mainGroup = BBC85A3B25D113AA00F87653;
			packageReferences = (
				BBC85A8725D1221B00F87653 /* XCRemoteSwiftPackageReference "Alamofire" */,
				BBC85A8D25D1226500F87653 /* XCRemoteSwiftPackageReference "RxSwift" */,
			);
			productRefGroup = BBC85A4525D113AA00F87653 /* Products */;
			projectDirPath = "";
			projectRoot = "";
			targets = (
				BBC85A4325D113AA00F87653 /* MVC */,
				BBC85A5925D113AB00F87653 /* MVCTests */,
				BBC85A6425D113AB00F87653 /* MVCUITests */,
			);
		};
/* End PBXProject section */

/* Begin PBXResourcesBuildPhase section */
		BBC85A4225D113AA00F87653 /* Resources */ = {
			isa = PBXResourcesBuildPhase;
			buildActionMask = 2147483647;
			files = (
				BBC85ABD25D1809500F87653 /* Login.storyboard in Resources */,
				BBC85A5425D113AB00F87653 /* LaunchScreen.storyboard in Resources */,
				BBC85A5125D113AB00F87653 /* Assets.xcassets in Resources */,
				BBC85ACF25D1842100F87653 /* Detail.storyboard in Resources */,
				BBC85A4F25D113AA00F87653 /* Main.storyboard in Resources */,
			);
			runOnlyForDeploymentPostprocessing = 0;
		};
		BBC85A5825D113AB00F87653 /* Resources */ = {
			isa = PBXResourcesBuildPhase;
			buildActionMask = 2147483647;
			files = (
			);
			runOnlyForDeploymentPostprocessing = 0;
		};
		BBC85A6325D113AB00F87653 /* Resources */ = {
			isa = PBXResourcesBuildPhase;
			buildActionMask = 2147483647;
			files = (
			);
			runOnlyForDeploymentPostprocessing = 0;
		};
/* End PBXResourcesBuildPhase section */

/* Begin PBXSourcesBuildPhase section */
		BBC85A4025D113AA00F87653 /* Sources */ = {
			isa = PBXSourcesBuildPhase;
			buildActionMask = 2147483647;
			files = (
				BBC85AD425D1842E00F87653 /* DetailViewController.swift in Sources */,
				BBC85AE125D186B700F87653 /* URL+Extensions.swift in Sources */,
				BBC85A4C25D113AA00F87653 /* MainViewController.swift in Sources */,
				BBC85A7E25D11F9900F87653 /* Configs.swift in Sources */,
				BBC85A4825D113AA00F87653 /* AppDelegate.swift in Sources */,
				BBC85A9825D122AA00F87653 /* Token.swift in Sources */,
				BBC85AA825D17EC300F87653 /* User.swift in Sources */,
				BBC85A4A25D113AA00F87653 /* SceneDelegate.swift in Sources */,
				BBC85AA325D17E9A00F87653 /* Event.swift in Sources */,
				BBC85A8325D121D600F87653 /* API.swift in Sources */,
				BBC85AC225D180B400F87653 /* LoginViewController.swift in Sources */,
				BBC85AAD25D17EF800F87653 /* Repository.swift in Sources */,
			);
			runOnlyForDeploymentPostprocessing = 0;
		};
		BBC85A5625D113AB00F87653 /* Sources */ = {
			isa = PBXSourcesBuildPhase;
			buildActionMask = 2147483647;
			files = (
				BBC85A5F25D113AB00F87653 /* MVCTests.swift in Sources */,
			);
			runOnlyForDeploymentPostprocessing = 0;
		};
		BBC85A6125D113AB00F87653 /* Sources */ = {
			isa = PBXSourcesBuildPhase;
			buildActionMask = 2147483647;
			files = (
				BBC85A6A25D113AB00F87653 /* MVCUITests.swift in Sources */,
			);
			runOnlyForDeploymentPostprocessing = 0;
		};
/* End PBXSourcesBuildPhase section */

/* Begin PBXTargetDependency section */
		BBC85A5C25D113AB00F87653 /* PBXTargetDependency */ = {
			isa = PBXTargetDependency;
			target = BBC85A4325D113AA00F87653 /* MVC */;
			targetProxy = BBC85A5B25D113AB00F87653 /* PBXContainerItemProxy */;
		};
		BBC85A6725D113AB00F87653 /* PBXTargetDependency */ = {
			isa = PBXTargetDependency;
			target = BBC85A4325D113AA00F87653 /* MVC */;
			targetProxy = BBC85A6625D113AB00F87653 /* PBXContainerItemProxy */;
		};
/* End PBXTargetDependency section */

/* Begin PBXVariantGroup section */
		BBC85A4D25D113AA00F87653 /* Main.storyboard */ = {
			isa = PBXVariantGroup;
			children = (
				BBC85A4E25D113AA00F87653 /* Base */,
			);
			name = Main.storyboard;
			sourceTree = "<group>";
		};
		BBC85A5225D113AB00F87653 /* LaunchScreen.storyboard */ = {
			isa = PBXVariantGroup;
			children = (
				BBC85A5325D113AB00F87653 /* Base */,
			);
			name = LaunchScreen.storyboard;
			sourceTree = "<group>";
		};
/* End PBXVariantGroup section */

/* Begin XCBuildConfiguration section */
		BBC85A6C25D113AB00F87653 /* Debug */ = {
			isa = XCBuildConfiguration;
			buildSettings = {
				ALWAYS_SEARCH_USER_PATHS = NO;
				CLANG_ANALYZER_NONNULL = YES;
				CLANG_ANALYZER_NUMBER_OBJECT_CONVERSION = YES_AGGRESSIVE;
				CLANG_CXX_LANGUAGE_STANDARD = "gnu++14";
				CLANG_CXX_LIBRARY = "libc++";
				CLANG_ENABLE_MODULES = YES;
				CLANG_ENABLE_OBJC_ARC = YES;
				CLANG_ENABLE_OBJC_WEAK = YES;
				CLANG_WARN_BLOCK_CAPTURE_AUTORELEASING = YES;
				CLANG_WARN_BOOL_CONVERSION = YES;
				CLANG_WARN_COMMA = YES;
				CLANG_WARN_CONSTANT_CONVERSION = YES;
				CLANG_WARN_DEPRECATED_OBJC_IMPLEMENTATIONS = YES;
				CLANG_WARN_DIRECT_OBJC_ISA_USAGE = YES_ERROR;
				CLANG_WARN_DOCUMENTATION_COMMENTS = YES;
				CLANG_WARN_EMPTY_BODY = YES;
				CLANG_WARN_ENUM_CONVERSION = YES;
				CLANG_WARN_INFINITE_RECURSION = YES;
				CLANG_WARN_INT_CONVERSION = YES;
				CLANG_WARN_NON_LITERAL_NULL_CONVERSION = YES;
				CLANG_WARN_OBJC_IMPLICIT_RETAIN_SELF = YES;
				CLANG_WARN_OBJC_LITERAL_CONVERSION = YES;
				CLANG_WARN_OBJC_ROOT_CLASS = YES_ERROR;
				CLANG_WARN_QUOTED_INCLUDE_IN_FRAMEWORK_HEADER = YES;
				CLANG_WARN_RANGE_LOOP_ANALYSIS = YES;
				CLANG_WARN_STRICT_PROTOTYPES = YES;
				CLANG_WARN_SUSPICIOUS_MOVE = YES;
				CLANG_WARN_UNGUARDED_AVAILABILITY = YES_AGGRESSIVE;
				CLANG_WARN_UNREACHABLE_CODE = YES;
				CLANG_WARN__DUPLICATE_METHOD_MATCH = YES;
				COPY_PHASE_STRIP = NO;
				DEBUG_INFORMATION_FORMAT = dwarf;
				ENABLE_STRICT_OBJC_MSGSEND = YES;
				ENABLE_TESTABILITY = YES;
				GCC_C_LANGUAGE_STANDARD = gnu11;
				GCC_DYNAMIC_NO_PIC = NO;
				GCC_NO_COMMON_BLOCKS = YES;
				GCC_OPTIMIZATION_LEVEL = 0;
				GCC_PREPROCESSOR_DEFINITIONS = (
					"DEBUG=1",
					"$(inherited)",
				);
				GCC_WARN_64_TO_32_BIT_CONVERSION = YES;
				GCC_WARN_ABOUT_RETURN_TYPE = YES_ERROR;
				GCC_WARN_UNDECLARED_SELECTOR = YES;
				GCC_WARN_UNINITIALIZED_AUTOS = YES_AGGRESSIVE;
				GCC_WARN_UNUSED_FUNCTION = YES;
				GCC_WARN_UNUSED_VARIABLE = YES;
				IPHONEOS_DEPLOYMENT_TARGET = 14.4;
				MTL_ENABLE_DEBUG_INFO = INCLUDE_SOURCE;
				MTL_FAST_MATH = YES;
				ONLY_ACTIVE_ARCH = YES;
				SDKROOT = iphoneos;
				SWIFT_ACTIVE_COMPILATION_CONDITIONS = DEBUG;
				SWIFT_OPTIMIZATION_LEVEL = "-Onone";
			};
			name = Debug;
		};
		BBC85A6D25D113AB00F87653 /* Release */ = {
			isa = XCBuildConfiguration;
			buildSettings = {
				ALWAYS_SEARCH_USER_PATHS = NO;
				CLANG_ANALYZER_NONNULL = YES;
				CLANG_ANALYZER_NUMBER_OBJECT_CONVERSION = YES_AGGRESSIVE;
				CLANG_CXX_LANGUAGE_STANDARD = "gnu++14";
				CLANG_CXX_LIBRARY = "libc++";
				CLANG_ENABLE_MODULES = YES;
				CLANG_ENABLE_OBJC_ARC = YES;
				CLANG_ENABLE_OBJC_WEAK = YES;
				CLANG_WARN_BLOCK_CAPTURE_AUTORELEASING = YES;
				CLANG_WARN_BOOL_CONVERSION = YES;
				CLANG_WARN_COMMA = YES;
				CLANG_WARN_CONSTANT_CONVERSION = YES;
				CLANG_WARN_DEPRECATED_OBJC_IMPLEMENTATIONS = YES;
				CLANG_WARN_DIRECT_OBJC_ISA_USAGE = YES_ERROR;
				CLANG_WARN_DOCUMENTATION_COMMENTS = YES;
				CLANG_WARN_EMPTY_BODY = YES;
				CLANG_WARN_ENUM_CONVERSION = YES;
				CLANG_WARN_INFINITE_RECURSION = YES;
				CLANG_WARN_INT_CONVERSION = YES;
				CLANG_WARN_NON_LITERAL_NULL_CONVERSION = YES;
				CLANG_WARN_OBJC_IMPLICIT_RETAIN_SELF = YES;
				CLANG_WARN_OBJC_LITERAL_CONVERSION = YES;
				CLANG_WARN_OBJC_ROOT_CLASS = YES_ERROR;
				CLANG_WARN_QUOTED_INCLUDE_IN_FRAMEWORK_HEADER = YES;
				CLANG_WARN_RANGE_LOOP_ANALYSIS = YES;
				CLANG_WARN_STRICT_PROTOTYPES = YES;
				CLANG_WARN_SUSPICIOUS_MOVE = YES;
				CLANG_WARN_UNGUARDED_AVAILABILITY = YES_AGGRESSIVE;
				CLANG_WARN_UNREACHABLE_CODE = YES;
				CLANG_WARN__DUPLICATE_METHOD_MATCH = YES;
				COPY_PHASE_STRIP = NO;
				DEBUG_INFORMATION_FORMAT = "dwarf-with-dsym";
				ENABLE_NS_ASSERTIONS = NO;
				ENABLE_STRICT_OBJC_MSGSEND = YES;
				GCC_C_LANGUAGE_STANDARD = gnu11;
				GCC_NO_COMMON_BLOCKS = YES;
				GCC_WARN_64_TO_32_BIT_CONVERSION = YES;
				GCC_WARN_ABOUT_RETURN_TYPE = YES_ERROR;
				GCC_WARN_UNDECLARED_SELECTOR = YES;
				GCC_WARN_UNINITIALIZED_AUTOS = YES_AGGRESSIVE;
				GCC_WARN_UNUSED_FUNCTION = YES;
				GCC_WARN_UNUSED_VARIABLE = YES;
				IPHONEOS_DEPLOYMENT_TARGET = 14.4;
				MTL_ENABLE_DEBUG_INFO = NO;
				MTL_FAST_MATH = YES;
				SDKROOT = iphoneos;
				SWIFT_COMPILATION_MODE = wholemodule;
				SWIFT_OPTIMIZATION_LEVEL = "-O";
				VALIDATE_PRODUCT = YES;
			};
			name = Release;
		};
		BBC85A6F25D113AB00F87653 /* Debug */ = {
			isa = XCBuildConfiguration;
			buildSettings = {
				ASSETCATALOG_COMPILER_APPICON_NAME = AppIcon;
				ASSETCATALOG_COMPILER_GLOBAL_ACCENT_COLOR_NAME = AccentColor;
				CODE_SIGN_STYLE = Automatic;
				DEVELOPMENT_TEAM = UPJRMYQ38F;
				INFOPLIST_FILE = MVC/Info.plist;
				IPHONEOS_DEPLOYMENT_TARGET = 11.0;
				LD_RUNPATH_SEARCH_PATHS = (
					"$(inherited)",
					"@executable_path/Frameworks",
				);
				PRODUCT_BUNDLE_IDENTIFIER = com.manhpham.MVC;
				PRODUCT_NAME = "$(TARGET_NAME)";
				SWIFT_VERSION = 5.0;
				TARGETED_DEVICE_FAMILY = "1,2";
			};
			name = Debug;
		};
		BBC85A7025D113AB00F87653 /* Release */ = {
			isa = XCBuildConfiguration;
			buildSettings = {
				ASSETCATALOG_COMPILER_APPICON_NAME = AppIcon;
				ASSETCATALOG_COMPILER_GLOBAL_ACCENT_COLOR_NAME = AccentColor;
				CODE_SIGN_STYLE = Automatic;
				DEVELOPMENT_TEAM = UPJRMYQ38F;
				INFOPLIST_FILE = MVC/Info.plist;
				IPHONEOS_DEPLOYMENT_TARGET = 11.0;
				LD_RUNPATH_SEARCH_PATHS = (
					"$(inherited)",
					"@executable_path/Frameworks",
				);
				PRODUCT_BUNDLE_IDENTIFIER = com.manhpham.MVC;
				PRODUCT_NAME = "$(TARGET_NAME)";
				SWIFT_VERSION = 5.0;
				TARGETED_DEVICE_FAMILY = "1,2";
			};
			name = Release;
		};
		BBC85A7225D113AB00F87653 /* Debug */ = {
			isa = XCBuildConfiguration;
			buildSettings = {
				ALWAYS_EMBED_SWIFT_STANDARD_LIBRARIES = YES;
				BUNDLE_LOADER = "$(TEST_HOST)";
				CODE_SIGN_STYLE = Automatic;
				INFOPLIST_FILE = MVCTests/Info.plist;
				IPHONEOS_DEPLOYMENT_TARGET = 14.4;
				LD_RUNPATH_SEARCH_PATHS = (
					"$(inherited)",
					"@executable_path/Frameworks",
					"@loader_path/Frameworks",
				);
				PRODUCT_BUNDLE_IDENTIFIER = com.manhpham.MVCTests;
				PRODUCT_NAME = "$(TARGET_NAME)";
				SWIFT_VERSION = 5.0;
				TARGETED_DEVICE_FAMILY = "1,2";
				TEST_HOST = "$(BUILT_PRODUCTS_DIR)/MVC.app/MVC";
			};
			name = Debug;
		};
		BBC85A7325D113AB00F87653 /* Release */ = {
			isa = XCBuildConfiguration;
			buildSettings = {
				ALWAYS_EMBED_SWIFT_STANDARD_LIBRARIES = YES;
				BUNDLE_LOADER = "$(TEST_HOST)";
				CODE_SIGN_STYLE = Automatic;
				INFOPLIST_FILE = MVCTests/Info.plist;
				IPHONEOS_DEPLOYMENT_TARGET = 14.4;
				LD_RUNPATH_SEARCH_PATHS = (
					"$(inherited)",
					"@executable_path/Frameworks",
					"@loader_path/Frameworks",
				);
				PRODUCT_BUNDLE_IDENTIFIER = com.manhpham.MVCTests;
				PRODUCT_NAME = "$(TARGET_NAME)";
				SWIFT_VERSION = 5.0;
				TARGETED_DEVICE_FAMILY = "1,2";
				TEST_HOST = "$(BUILT_PRODUCTS_DIR)/MVC.app/MVC";
			};
			name = Release;
		};
		BBC85A7525D113AB00F87653 /* Debug */ = {
			isa = XCBuildConfiguration;
			buildSettings = {
				ALWAYS_EMBED_SWIFT_STANDARD_LIBRARIES = YES;
				CODE_SIGN_STYLE = Automatic;
				INFOPLIST_FILE = MVCUITests/Info.plist;
				LD_RUNPATH_SEARCH_PATHS = (
					"$(inherited)",
					"@executable_path/Frameworks",
					"@loader_path/Frameworks",
				);
				PRODUCT_BUNDLE_IDENTIFIER = com.manhpham.MVCUITests;
				PRODUCT_NAME = "$(TARGET_NAME)";
				SWIFT_VERSION = 5.0;
				TARGETED_DEVICE_FAMILY = "1,2";
				TEST_TARGET_NAME = MVC;
			};
			name = Debug;
		};
		BBC85A7625D113AB00F87653 /* Release */ = {
			isa = XCBuildConfiguration;
			buildSettings = {
				ALWAYS_EMBED_SWIFT_STANDARD_LIBRARIES = YES;
				CODE_SIGN_STYLE = Automatic;
				INFOPLIST_FILE = MVCUITests/Info.plist;
				LD_RUNPATH_SEARCH_PATHS = (
					"$(inherited)",
					"@executable_path/Frameworks",
					"@loader_path/Frameworks",
				);
				PRODUCT_BUNDLE_IDENTIFIER = com.manhpham.MVCUITests;
				PRODUCT_NAME = "$(TARGET_NAME)";
				SWIFT_VERSION = 5.0;
				TARGETED_DEVICE_FAMILY = "1,2";
				TEST_TARGET_NAME = MVC;
			};
			name = Release;
		};
/* End XCBuildConfiguration section */

/* Begin XCConfigurationList section */
		BBC85A3F25D113AA00F87653 /* Build configuration list for PBXProject "MVC" */ = {
			isa = XCConfigurationList;
			buildConfigurations = (
				BBC85A6C25D113AB00F87653 /* Debug */,
				BBC85A6D25D113AB00F87653 /* Release */,
			);
			defaultConfigurationIsVisible = 0;
			defaultConfigurationName = Release;
		};
		BBC85A6E25D113AB00F87653 /* Build configuration list for PBXNativeTarget "MVC" */ = {
			isa = XCConfigurationList;
			buildConfigurations = (
				BBC85A6F25D113AB00F87653 /* Debug */,
				BBC85A7025D113AB00F87653 /* Release */,
			);
			defaultConfigurationIsVisible = 0;
			defaultConfigurationName = Release;
		};
		BBC85A7125D113AB00F87653 /* Build configuration list for PBXNativeTarget "MVCTests" */ = {
			isa = XCConfigurationList;
			buildConfigurations = (
				BBC85A7225D113AB00F87653 /* Debug */,
				BBC85A7325D113AB00F87653 /* Release */,
			);
			defaultConfigurationIsVisible = 0;
			defaultConfigurationName = Release;
		};
		BBC85A7425D113AB00F87653 /* Build configuration list for PBXNativeTarget "MVCUITests" */ = {
			isa = XCConfigurationList;
			buildConfigurations = (
				BBC85A7525D113AB00F87653 /* Debug */,
				BBC85A7625D113AB00F87653 /* Release */,
			);
			defaultConfigurationIsVisible = 0;
			defaultConfigurationName = Release;
		};
/* End XCConfigurationList section */

/* Begin XCRemoteSwiftPackageReference section */
		BBC85A8725D1221B00F87653 /* XCRemoteSwiftPackageReference "Alamofire" */ = {
			isa = XCRemoteSwiftPackageReference;
			repositoryURL = "https://github.com/Alamofire/Alamofire";
			requirement = {
				kind = upToNextMajorVersion;
				minimumVersion = 5.4.1;
			};
		};
		BBC85A8D25D1226500F87653 /* XCRemoteSwiftPackageReference "RxSwift" */ = {
			isa = XCRemoteSwiftPackageReference;
			repositoryURL = "https://github.com/ReactiveX/RxSwift";
			requirement = {
				kind = upToNextMajorVersion;
				minimumVersion = 6.0.0;
			};
		};
/* End XCRemoteSwiftPackageReference section */

/* Begin XCSwiftPackageProductDependency section */
		BBC85A8825D1221B00F87653 /* Alamofire */ = {
			isa = XCSwiftPackageProductDependency;
			package = BBC85A8725D1221B00F87653 /* XCRemoteSwiftPackageReference "Alamofire" */;
			productName = Alamofire;
		};
		BBC85A8E25D1226500F87653 /* RxCocoa */ = {
			isa = XCSwiftPackageProductDependency;
			package = BBC85A8D25D1226500F87653 /* XCRemoteSwiftPackageReference "RxSwift" */;
			productName = RxCocoa;
		};
		BBC85A9025D1226500F87653 /* RxSwift */ = {
			isa = XCSwiftPackageProductDependency;
			package = BBC85A8D25D1226500F87653 /* XCRemoteSwiftPackageReference "RxSwift" */;
			productName = RxSwift;
		};
		BBC85A9225D1226500F87653 /* RxRelay */ = {
			isa = XCSwiftPackageProductDependency;
			package = BBC85A8D25D1226500F87653 /* XCRemoteSwiftPackageReference "RxSwift" */;
			productName = RxRelay;
		};
/* End XCSwiftPackageProductDependency section */
	};
	rootObject = BBC85A3C25D113AA00F87653 /* Project object */;
}
