{
  "object": {
    "pins": [
      {
        "package": "Alamofire",
        "repositoryURL": "https://github.com/Alamofire/Alamofire",
        "state": {
          "branch": null,
          "revision": "eaf6e622dd41b07b251d8f01752eab31bc811493",
          "version": "5.4.1"
        }
      },
      {
        "package": "PKHUD",
        "repositoryURL": "https://github.com/pkluz/PKHUD",
        "state": {
          "branch": null,
          "revision": "8fd26f23057c6bebd6695524b1c3e05e93aba571",
          "version": "5.4.0"
        }
      },
      {
        "package": "RxSwift",
        "repositoryURL": "https://github.com/ReactiveX/RxSwift",
        "state": {
          "branch": null,
          "revision": "c8742ed97fc2f0c015a5ea5eddefb064cd7532d2",
          "version": "6.0.0"
        }
      }
    ]
  },
  "version": 1
}
